
Microsoft Visual Studio Solution File, Format Version 12.00
Project("{FAE04EC0-301F-11D3-BF4B-00C04F79EFBC}") = "DeserializeTest", "DeserializeTest\DeserializeTest.csproj", "{ED749E46-5D0A-45EC-B1B6-AAA93B695470}"
EndProject
Global
	GlobalSection(SolutionConfigurationPlatforms) = preSolution
		Debug|Any CPU = Debug|Any CPU
		Release|Any CPU = Release|Any CPU
	EndGlobalSection
	GlobalSection(ProjectConfigurationPlatforms) = postSolution
		{ED749E46-5D0A-45EC-B1B6-AAA93B695470}.Debug|Any CPU.ActiveCfg = Debug|Any CPU
		{ED749E46-5D0A-45EC-B1B6-AAA93B695470}.Debug|Any CPU.Build.0 = Debug|Any CPU
		{ED749E46-5D0A-45EC-B1B6-AAA93B695470}.Release|Any CPU.ActiveCfg = Release|Any CPU
		{ED749E46-5D0A-45EC-B1B6-AAA93B695470}.Release|Any CPU.Build.0 = Release|Any CPU
	EndGlobalSection
EndGlobal
